
Microsoft Visual Studio Solution File, Format Version 12.00
# Visual Studio Version 17
Project("{2150E333-8FDC-42A3-9474-1A3956D46DE8}") = "CMakePredefinedTargets", "CMakePredefinedTargets", "{337148ED-0487-3DA9-91A2-07F2A203BF74}"
EndProject
Project("{8BC9CEB8-8B4A-11D0-8D11-00A0C91BC942}") = "ALL_BUILD", "ALL_BUILD.vcxproj", "{02F708E4-197F-3858-A4A9-3401C66AA6EB}"
	ProjectSection(ProjectDependencies) = postProject
		{D415CB12-A67F-37D0-A22D-9A5C18591084} = {D415CB12-A67F-37D0-A22D-9A5C18591084}
		{26EB7C6A-BC1B-3813-95A1-DB9E02AB0C5A} = {26EB7C6A-BC1B-3813-95A1-DB9E02AB0C5A}
	EndProjectSection
EndProject
Project("{8BC9CEB8-8B4A-11D0-8D11-00A0C91BC942}") = "Test", "Test.vcxproj", "{D415CB12-A67F-37D0-A22D-9A5C18591084}"
	ProjectSection(ProjectDependencies) = postProject
		{26EB7C6A-BC1B-3813-95A1-DB9E02AB0C5A} = {26EB7C6A-BC1B-3813-95A1-DB9E02AB0C5A}
	EndProjectSection
EndProject
Project("{8BC9CEB8-8B4A-11D0-8D11-00A0C91BC942}") = "ZERO_CHECK", "ZERO_CHECK.vcxproj", "{26EB7C6A-BC1B-3813-95A1-DB9E02AB0C5A}"
	ProjectSection(ProjectDependencies) = postProject
	EndProjectSection
EndProject
Global
	GlobalSection(SolutionConfigurationPlatforms) = preSolution
		Debug|x64 = Debug|x64
		Release|x64 = Release|x64
		MinSizeRel|x64 = MinSizeRel|x64
		RelWithDebInfo|x64 = RelWithDebInfo|x64
	EndGlobalSection
	GlobalSection(ProjectConfigurationPlatforms) = postSolution
		{02F708E4-197F-3858-A4A9-3401C66AA6EB}.Debug|x64.ActiveCfg = Debug|x64
		{02F708E4-197F-3858-A4A9-3401C66AA6EB}.Release|x64.ActiveCfg = Release|x64
		{02F708E4-197F-3858-A4A9-3401C66AA6EB}.MinSizeRel|x64.ActiveCfg = MinSizeRel|x64
		{02F708E4-197F-3858-A4A9-3401C66AA6EB}.RelWithDebInfo|x64.ActiveCfg = RelWithDebInfo|x64
		{D415CB12-A67F-37D0-A22D-9A5C18591084}.Debug|x64.ActiveCfg = Debug|x64
		{D415CB12-A67F-37D0-A22D-9A5C18591084}.Debug|x64.Build.0 = Debug|x64
		{D415CB12-A67F-37D0-A22D-9A5C18591084}.Release|x64.ActiveCfg = Release|x64
		{D415CB12-A67F-37D0-A22D-9A5C18591084}.Release|x64.Build.0 = Release|x64
		{D415CB12-A67F-37D0-A22D-9A5C18591084}.MinSizeRel|x64.ActiveCfg = MinSizeRel|x64
		{D415CB12-A67F-37D0-A22D-9A5C18591084}.MinSizeRel|x64.Build.0 = MinSizeRel|x64
		{D415CB12-A67F-37D0-A22D-9A5C18591084}.RelWithDebInfo|x64.ActiveCfg = RelWithDebInfo|x64
		{D415CB12-A67F-37D0-A22D-9A5C18591084}.RelWithDebInfo|x64.Build.0 = RelWithDebInfo|x64
		{26EB7C6A-BC1B-3813-95A1-DB9E02AB0C5A}.Debug|x64.ActiveCfg = Debug|x64
		{26EB7C6A-BC1B-3813-95A1-DB9E02AB0C5A}.Debug|x64.Build.0 = Debug|x64
		{26EB7C6A-BC1B-3813-95A1-DB9E02AB0C5A}.Release|x64.ActiveCfg = Release|x64
		{26EB7C6A-BC1B-3813-95A1-DB9E02AB0C5A}.Release|x64.Build.0 = Release|x64
		{26EB7C6A-BC1B-3813-95A1-DB9E02AB0C5A}.MinSizeRel|x64.ActiveCfg = MinSizeRel|x64
		{26EB7C6A-BC1B-3813-95A1-DB9E02AB0C5A}.MinSizeRel|x64.Build.0 = MinSizeRel|x64
		{26EB7C6A-BC1B-3813-95A1-DB9E02AB0C5A}.RelWithDebInfo|x64.ActiveCfg = RelWithDebInfo|x64
		{26EB7C6A-BC1B-3813-95A1-DB9E02AB0C5A}.RelWithDebInfo|x64.Build.0 = RelWithDebInfo|x64
	EndGlobalSection
	GlobalSection(NestedProjects) = preSolution
		{02F708E4-197F-3858-A4A9-3401C66AA6EB} = {337148ED-0487-3DA9-91A2-07F2A203BF74}
		{26EB7C6A-BC1B-3813-95A1-DB9E02AB0C5A} = {337148ED-0487-3DA9-91A2-07F2A203BF74}
	EndGlobalSection
	GlobalSection(ExtensibilityGlobals) = postSolution
		SolutionGuid = {B83FCB98-EB88-34B2-9440-E43CF1CC6D13}
	EndGlobalSection
	GlobalSection(ExtensibilityAddIns) = postSolution
	EndGlobalSection
EndGlobal
