<?xml version="1.0" encoding="utf-8"?>
<Project ToolsVersion="17.0" xmlns="http://schemas.microsoft.com/developer/msbuild/2003">
  <ItemGroup>
    <CustomBuild Include="C:\Users\Ilya\Desktop\CPPM\cppm\cmake\CMakeFiles\0be31aeac8feef7527d01b96a3637a89\generate.stamp.rule">
      <Filter>CMake Rules</Filter>
    </CustomBuild>
  </ItemGroup>
  <ItemGroup>
    <Filter Include="CMake Rules">
      <UniqueIdentifier>{0A70A864-BA03-399D-B64D-E74DF58AE07D}</UniqueIdentifier>
    </Filter>
  </ItemGroup>
</Project>
